
Microsoft Visual Studio Solution File, Format Version 12.00
# Visual Studio Version 17
VisualStudioVersion = 17.4.33213.308
MinimumVisualStudioVersion = 10.0.40219.1
Project("{FAE04EC0-301F-11D3-BF4B-00C04F79EFBC}") = "ConsoleApp1", "ConsoleApp1\ConsoleApp1.csproj", "{43E5945F-8968-452B-BDCC-3EFCFB9B9377}"
EndProject
Project("{FAE04EC0-301F-11D3-BF4B-00C04F79EFBC}") = "NumberGuesser", "NumberGuesser\NumberGuesser.csproj", "{1B102782-6797-44D2-984B-74D88C98E8D0}"
EndProject
Global
	GlobalSection(SolutionConfigurationPlatforms) = preSolution
		Debug|Any CPU = Debug|Any CPU
		Release|Any CPU = Release|Any CPU
	EndGlobalSection
	GlobalSection(ProjectConfigurationPlatforms) = postSolution
		{43E5945F-8968-452B-BDCC-3EFCFB9B9377}.Debug|Any CPU.ActiveCfg = Debug|Any CPU
		{43E5945F-8968-452B-BDCC-3EFCFB9B9377}.Debug|Any CPU.Build.0 = Debug|Any CPU
		{43E5945F-8968-452B-BDCC-3EFCFB9B9377}.Release|Any CPU.ActiveCfg = Release|Any CPU
		{43E5945F-8968-452B-BDCC-3EFCFB9B9377}.Release|Any CPU.Build.0 = Release|Any CPU
		{1B102782-6797-44D2-984B-74D88C98E8D0}.Debug|Any CPU.ActiveCfg = Debug|Any CPU
		{1B102782-6797-44D2-984B-74D88C98E8D0}.Debug|Any CPU.Build.0 = Debug|Any CPU
		{1B102782-6797-44D2-984B-74D88C98E8D0}.Release|Any CPU.ActiveCfg = Release|Any CPU
		{1B102782-6797-44D2-984B-74D88C98E8D0}.Release|Any CPU.Build.0 = Release|Any CPU
	EndGlobalSection
	GlobalSection(SolutionProperties) = preSolution
		HideSolutionNode = FALSE
	EndGlobalSection
	GlobalSection(ExtensibilityGlobals) = postSolution
		SolutionGuid = {B228615B-316C-4A5D-A3F3-886FCA9C2AF4}
	EndGlobalSection
EndGlobal
